# THIS IS AN AUTOGENERATED FILE. DO NOT EDIT THIS FILE DIRECTLY.
# yarn lockfile v1


semver@4.3.2:
  version "4.3.2"
  resolved "https://registry.yarnpkg.com/semver/-/semver-4.3.2.tgz#c7a07158a80bedd052355b770d82d6640f803be7"
  integrity sha512-VyFUffiBx8hABJ9HYSTXLRwyZtdDHMzMtFmID1aiNAD2BZppBmJm0Hqw3p2jkgxP9BNt1pQ9RnC49P0EcXf6cA==

smallest@1.0.1:
  version "1.0.1"
  resolved "https://registry.yarnpkg.com/smallest/-/smallest-1.0.1.tgz#59ddee13546911b2177f36af61a866bf3b3bfb81"
  integrity sha1-Wd3uE1RpEbIXfzavYahmvzs7+4E=
  dependencies:
    to-array "~0.1.4"

to-array@~0.1.4:
  version "0.1.4"
  resolved "https://registry.yarnpkg.com/to-array/-/to-array-0.1.4.tgz#17e6c11f73dd4f3d74cda7a4ff3238e9ad9bf890"
  integrity sha1-F+bBH3PdTz10zaek/zI46a2b+JA=
